
Microsoft Visual Studio Solution File, Format Version 12.00
# Blend for Visual Studio Version 16
VisualStudioVersion = 16.0.31515.178
MinimumVisualStudioVersion = 10.0.40219.1
Project("{9A19103F-16F7-4668-BE54-9A1E7A4F7556}") = "StackPanel", "StackPanel\StackPanel.csproj", "{10BAF7EC-6F6D-407E-AA29-5651CA214375}"
EndProject
Global
	GlobalSection(SolutionConfigurationPlatforms) = preSolution
		Debug|Any CPU = Debug|Any CPU
		Release|Any CPU = Release|Any CPU
	EndGlobalSection
	GlobalSection(ProjectConfigurationPlatforms) = postSolution
		{10BAF7EC-6F6D-407E-AA29-5651CA214375}.Debug|Any CPU.ActiveCfg = Debug|Any CPU
		{10BAF7EC-6F6D-407E-AA29-5651CA214375}.Debug|Any CPU.Build.0 = Debug|Any CPU
		{10BAF7EC-6F6D-407E-AA29-5651CA214375}.Release|Any CPU.ActiveCfg = Release|Any CPU
		{10BAF7EC-6F6D-407E-AA29-5651CA214375}.Release|Any CPU.Build.0 = Release|Any CPU
	EndGlobalSection
	GlobalSection(SolutionProperties) = preSolution
		HideSolutionNode = FALSE
	EndGlobalSection
	GlobalSection(ExtensibilityGlobals) = postSolution
		SolutionGuid = {4C033EE0-129E-4579-89E2-6DF2A7C3DE8C}
	EndGlobalSection
EndGlobal
